
Microsoft Visual Studio Solution File, Format Version 12.00
# Visual Studio Version 16
VisualStudioVersion = 16.0.30907.101
MinimumVisualStudioVersion = 10.0.40219.1
Project("{FAE04EC0-301F-11D3-BF4B-00C04F79EFBC}") = "StringGen", "StringGen.csproj", "{CFB679E3-1BCA-4773-B809-6B897F37596A}"
EndProject
Global
	GlobalSection(SolutionConfigurationPlatforms) = preSolution
		Debug|Any CPU = Debug|Any CPU
		Release|Any CPU = Release|Any CPU
	EndGlobalSection
	GlobalSection(ProjectConfigurationPlatforms) = postSolution
		{CFB679E3-1BCA-4773-B809-6B897F37596A}.Debug|Any CPU.ActiveCfg = Debug|Any CPU
		{CFB679E3-1BCA-4773-B809-6B897F37596A}.Debug|Any CPU.Build.0 = Debug|Any CPU
		{CFB679E3-1BCA-4773-B809-6B897F37596A}.Release|Any CPU.ActiveCfg = Release|Any CPU
		{CFB679E3-1BCA-4773-B809-6B897F37596A}.Release|Any CPU.Build.0 = Release|Any CPU
	EndGlobalSection
	GlobalSection(SolutionProperties) = preSolution
		HideSolutionNode = FALSE
	EndGlobalSection
	GlobalSection(ExtensibilityGlobals) = postSolution
		SolutionGuid = {E06A8AC8-075D-4040-A224-308B445A07B4}
	EndGlobalSection
EndGlobal
